
Microsoft Visual Studio Solution File, Format Version 12.00
# Visual Studio Version 16
VisualStudioVersion = 16.0.31005.135
MinimumVisualStudioVersion = 10.0.40219.1
Project("{8BC9CEB8-8B4A-11D0-8D11-00A0C91BC942}") = "CS398_MiniProject", "CS398_MiniProject\CS398_MiniProject.vcxproj", "{44E4C04B-801E-41DB-99BC-F0C50796E073}"
EndProject
Global
	GlobalSection(SolutionConfigurationPlatforms) = preSolution
		Debug|x64 = Debug|x64
		Release|x64 = Release|x64
	EndGlobalSection
	GlobalSection(ProjectConfigurationPlatforms) = postSolution
		{44E4C04B-801E-41DB-99BC-F0C50796E073}.Debug|x64.ActiveCfg = Debug|x64
		{44E4C04B-801E-41DB-99BC-F0C50796E073}.Debug|x64.Build.0 = Debug|x64
		{44E4C04B-801E-41DB-99BC-F0C50796E073}.Release|x64.ActiveCfg = Release|x64
		{44E4C04B-801E-41DB-99BC-F0C50796E073}.Release|x64.Build.0 = Release|x64
	EndGlobalSection
	GlobalSection(SolutionProperties) = preSolution
		HideSolutionNode = FALSE
	EndGlobalSection
	GlobalSection(ExtensibilityGlobals) = postSolution
		SolutionGuid = {F1C29E77-CE13-4DFA-B5B7-B367A5282054}
	EndGlobalSection
EndGlobal
